
Microsoft Visual Studio Solution File, Format Version 12.00
# Visual Studio Version 16
VisualStudioVersion = 16.0.30114.128
MinimumVisualStudioVersion = 10.0.40219.1
Project("{9A19103F-16F7-4668-BE54-9A1E7A4F7556}") = "Challenger.Core", "Challenger.Core\Challenger.Core.csproj", "{CF2E09BF-5118-43F5-8C55-2D6BBE97192A}"
EndProject
Project("{2150E333-8FDC-42A3-9474-1A3956D46DE8}") = "Solution Items", "Solution Items", "{78E925F6-C7E6-4CDF-8D61-9D63DE6C5D50}"
	ProjectSection(SolutionItems) = preProject
		.editorconfig = .editorconfig
	EndProjectSection
EndProject
Project("{2150E333-8FDC-42A3-9474-1A3956D46DE8}") = "Testing", "Testing", "{5EE659DA-99AE-4B1A-B877-5E1429C77AFF}"
EndProject
Project("{9A19103F-16F7-4668-BE54-9A1E7A4F7556}") = "DataConverter.Core.Benchmarks", "DataConverter.Core.Benchmarks\DataConverter.Core.Benchmarks.csproj", "{2A8923AB-CE2E-490D-ACFB-B1FD675FBD73}"
EndProject
Project("{9A19103F-16F7-4668-BE54-9A1E7A4F7556}") = "DataConverter.Core.Tests", "DataConverter.Core.Tests\DataConverter.Core.Tests.csproj", "{36671097-7B92-4F58-9A72-39500310E730}"
EndProject
Project("{9A19103F-16F7-4668-BE54-9A1E7A4F7556}") = "DataConverter.Core.TestData", "DataConverter.Core.TestData\DataConverter.Core.TestData.csproj", "{2F90FD56-63CC-4ADC-AAF0-83C6826F9389}"
EndProject
Project("{2150E333-8FDC-42A3-9474-1A3956D46DE8}") = "Applications", "Applications", "{D271F6FB-5E82-4EBD-AFB0-07A1A16F1955}"
EndProject
Project("{9A19103F-16F7-4668-BE54-9A1E7A4F7556}") = "Challenger.Wpf", "Challenger.Wpf\Challenger.Wpf.csproj", "{51CD8396-99D0-46F7-B22B-C66CBEC89EA8}"
EndProject
Project("{FAE04EC0-301F-11D3-BF4B-00C04F79EFBC}") = "Challenger.Uwp", "Challenger.Uwp\Challenger.Uwp.csproj", "{0AB06C13-CA5A-4E96-A208-08A968322E4F}"
EndProject
Project("{9A19103F-16F7-4668-BE54-9A1E7A4F7556}") = "DataConverter.Console", "DataConverter.Console\DataConverter.Console.csproj", "{884531D0-79F8-4B99-93A8-CF690CE28025}"
EndProject
Project("{9A19103F-16F7-4668-BE54-9A1E7A4F7556}") = "Challenger.Shared", "Challenger.Shared\Challenger.Shared.csproj", "{8BA29BFD-F14A-4FEF-B858-DBEC0A9A1EE4}"
EndProject
Project("{FAE04EC0-301F-11D3-BF4B-00C04F79EFBC}") = "TestProject", "TestProject\TestProject.csproj", "{0C436269-5A41-4B39-9957-05467B622FCC}"
EndProject
Global
	GlobalSection(SolutionConfigurationPlatforms) = preSolution
		BenchmarkDebug|Any CPU = BenchmarkDebug|Any CPU
		BenchmarkDebug|ARM = BenchmarkDebug|ARM
		BenchmarkDebug|ARM64 = BenchmarkDebug|ARM64
		BenchmarkDebug|x64 = BenchmarkDebug|x64
		BenchmarkDebug|x86 = BenchmarkDebug|x86
		Debug|Any CPU = Debug|Any CPU
		Debug|ARM = Debug|ARM
		Debug|ARM64 = Debug|ARM64
		Debug|x64 = Debug|x64
		Debug|x86 = Debug|x86
		Release|Any CPU = Release|Any CPU
		Release|ARM = Release|ARM
		Release|ARM64 = Release|ARM64
		Release|x64 = Release|x64
		Release|x86 = Release|x86
	EndGlobalSection
	GlobalSection(ProjectConfigurationPlatforms) = postSolution
		{CF2E09BF-5118-43F5-8C55-2D6BBE97192A}.BenchmarkDebug|Any CPU.ActiveCfg = Release|Any CPU
		{CF2E09BF-5118-43F5-8C55-2D6BBE97192A}.BenchmarkDebug|Any CPU.Build.0 = Release|Any CPU
		{CF2E09BF-5118-43F5-8C55-2D6BBE97192A}.BenchmarkDebug|ARM.ActiveCfg = BenchmarkDebug|Any CPU
		{CF2E09BF-5118-43F5-8C55-2D6BBE97192A}.BenchmarkDebug|ARM.Build.0 = BenchmarkDebug|Any CPU
		{CF2E09BF-5118-43F5-8C55-2D6BBE97192A}.BenchmarkDebug|ARM64.ActiveCfg = BenchmarkDebug|Any CPU
		{CF2E09BF-5118-43F5-8C55-2D6BBE97192A}.BenchmarkDebug|ARM64.Build.0 = BenchmarkDebug|Any CPU
		{CF2E09BF-5118-43F5-8C55-2D6BBE97192A}.BenchmarkDebug|x64.ActiveCfg = BenchmarkDebug|Any CPU
		{CF2E09BF-5118-43F5-8C55-2D6BBE97192A}.BenchmarkDebug|x64.Build.0 = BenchmarkDebug|Any CPU
		{CF2E09BF-5118-43F5-8C55-2D6BBE97192A}.BenchmarkDebug|x86.ActiveCfg = BenchmarkDebug|Any CPU
		{CF2E09BF-5118-43F5-8C55-2D6BBE97192A}.BenchmarkDebug|x86.Build.0 = BenchmarkDebug|Any CPU
		{CF2E09BF-5118-43F5-8C55-2D6BBE97192A}.Debug|Any CPU.ActiveCfg = Debug|Any CPU
		{CF2E09BF-5118-43F5-8C55-2D6BBE97192A}.Debug|Any CPU.Build.0 = Debug|Any CPU
		{CF2E09BF-5118-43F5-8C55-2D6BBE97192A}.Debug|ARM.ActiveCfg = Debug|Any CPU
		{CF2E09BF-5118-43F5-8C55-2D6BBE97192A}.Debug|ARM.Build.0 = Debug|Any CPU
		{CF2E09BF-5118-43F5-8C55-2D6BBE97192A}.Debug|ARM64.ActiveCfg = Debug|Any CPU
		{CF2E09BF-5118-43F5-8C55-2D6BBE97192A}.Debug|ARM64.Build.0 = Debug|Any CPU
		{CF2E09BF-5118-43F5-8C55-2D6BBE97192A}.Debug|x64.ActiveCfg = Debug|Any CPU
		{CF2E09BF-5118-43F5-8C55-2D6BBE97192A}.Debug|x64.Build.0 = Debug|Any CPU
		{CF2E09BF-5118-43F5-8C55-2D6BBE97192A}.Debug|x86.ActiveCfg = Debug|Any CPU
		{CF2E09BF-5118-43F5-8C55-2D6BBE97192A}.Debug|x86.Build.0 = Debug|Any CPU
		{CF2E09BF-5118-43F5-8C55-2D6BBE97192A}.Release|Any CPU.ActiveCfg = Release|Any CPU
		{CF2E09BF-5118-43F5-8C55-2D6BBE97192A}.Release|Any CPU.Build.0 = Release|Any CPU
		{CF2E09BF-5118-43F5-8C55-2D6BBE97192A}.Release|ARM.ActiveCfg = Release|Any CPU
		{CF2E09BF-5118-43F5-8C55-2D6BBE97192A}.Release|ARM.Build.0 = Release|Any CPU
		{CF2E09BF-5118-43F5-8C55-2D6BBE97192A}.Release|ARM64.ActiveCfg = Release|Any CPU
		{CF2E09BF-5118-43F5-8C55-2D6BBE97192A}.Release|ARM64.Build.0 = Release|Any CPU
		{CF2E09BF-5118-43F5-8C55-2D6BBE97192A}.Release|x64.ActiveCfg = Release|Any CPU
		{CF2E09BF-5118-43F5-8C55-2D6BBE97192A}.Release|x64.Build.0 = Release|Any CPU
		{CF2E09BF-5118-43F5-8C55-2D6BBE97192A}.Release|x86.ActiveCfg = Release|Any CPU
		{CF2E09BF-5118-43F5-8C55-2D6BBE97192A}.Release|x86.Build.0 = Release|Any CPU
		{2A8923AB-CE2E-490D-ACFB-B1FD675FBD73}.BenchmarkDebug|Any CPU.ActiveCfg = Release|Any CPU
		{2A8923AB-CE2E-490D-ACFB-B1FD675FBD73}.BenchmarkDebug|Any CPU.Build.0 = Release|Any CPU
		{2A8923AB-CE2E-490D-ACFB-B1FD675FBD73}.BenchmarkDebug|ARM.ActiveCfg = BenchmarkDebug|Any CPU
		{2A8923AB-CE2E-490D-ACFB-B1FD675FBD73}.BenchmarkDebug|ARM.Build.0 = BenchmarkDebug|Any CPU
		{2A8923AB-CE2E-490D-ACFB-B1FD675FBD73}.BenchmarkDebug|ARM64.ActiveCfg = BenchmarkDebug|Any CPU
		{2A8923AB-CE2E-490D-ACFB-B1FD675FBD73}.BenchmarkDebug|ARM64.Build.0 = BenchmarkDebug|Any CPU
		{2A8923AB-CE2E-490D-ACFB-B1FD675FBD73}.BenchmarkDebug|x64.ActiveCfg = BenchmarkDebug|Any CPU
		{2A8923AB-CE2E-490D-ACFB-B1FD675FBD73}.BenchmarkDebug|x64.Build.0 = BenchmarkDebug|Any CPU
		{2A8923AB-CE2E-490D-ACFB-B1FD675FBD73}.BenchmarkDebug|x86.ActiveCfg = BenchmarkDebug|Any CPU
		{2A8923AB-CE2E-490D-ACFB-B1FD675FBD73}.BenchmarkDebug|x86.Build.0 = BenchmarkDebug|Any CPU
		{2A8923AB-CE2E-490D-ACFB-B1FD675FBD73}.Debug|Any CPU.ActiveCfg = Release|Any CPU
		{2A8923AB-CE2E-490D-ACFB-B1FD675FBD73}.Debug|ARM.ActiveCfg = Debug|Any CPU
		{2A8923AB-CE2E-490D-ACFB-B1FD675FBD73}.Debug|ARM.Build.0 = Debug|Any CPU
		{2A8923AB-CE2E-490D-ACFB-B1FD675FBD73}.Debug|ARM64.ActiveCfg = Debug|Any CPU
		{2A8923AB-CE2E-490D-ACFB-B1FD675FBD73}.Debug|ARM64.Build.0 = Debug|Any CPU
		{2A8923AB-CE2E-490D-ACFB-B1FD675FBD73}.Debug|x64.ActiveCfg = Debug|Any CPU
		{2A8923AB-CE2E-490D-ACFB-B1FD675FBD73}.Debug|x64.Build.0 = Debug|Any CPU
		{2A8923AB-CE2E-490D-ACFB-B1FD675FBD73}.Debug|x86.ActiveCfg = Debug|Any CPU
		{2A8923AB-CE2E-490D-ACFB-B1FD675FBD73}.Debug|x86.Build.0 = Debug|Any CPU
		{2A8923AB-CE2E-490D-ACFB-B1FD675FBD73}.Release|Any CPU.ActiveCfg = Release|Any CPU
		{2A8923AB-CE2E-490D-ACFB-B1FD675FBD73}.Release|Any CPU.Build.0 = Release|Any CPU
		{2A8923AB-CE2E-490D-ACFB-B1FD675FBD73}.Release|ARM.ActiveCfg = Release|Any CPU
		{2A8923AB-CE2E-490D-ACFB-B1FD675FBD73}.Release|ARM.Build.0 = Release|Any CPU
		{2A8923AB-CE2E-490D-ACFB-B1FD675FBD73}.Release|ARM64.ActiveCfg = Release|Any CPU
		{2A8923AB-CE2E-490D-ACFB-B1FD675FBD73}.Release|ARM64.Build.0 = Release|Any CPU
		{2A8923AB-CE2E-490D-ACFB-B1FD675FBD73}.Release|x64.ActiveCfg = Release|Any CPU
		{2A8923AB-CE2E-490D-ACFB-B1FD675FBD73}.Release|x64.Build.0 = Release|Any CPU
		{2A8923AB-CE2E-490D-ACFB-B1FD675FBD73}.Release|x86.ActiveCfg = Release|Any CPU
		{2A8923AB-CE2E-490D-ACFB-B1FD675FBD73}.Release|x86.Build.0 = Release|Any CPU
		{36671097-7B92-4F58-9A72-39500310E730}.BenchmarkDebug|Any CPU.ActiveCfg = BenchmarkDebug|Any CPU
		{36671097-7B92-4F58-9A72-39500310E730}.BenchmarkDebug|Any CPU.Build.0 = BenchmarkDebug|Any CPU
		{36671097-7B92-4F58-9A72-39500310E730}.BenchmarkDebug|ARM.ActiveCfg = BenchmarkDebug|Any CPU
		{36671097-7B92-4F58-9A72-39500310E730}.BenchmarkDebug|ARM.Build.0 = BenchmarkDebug|Any CPU
		{36671097-7B92-4F58-9A72-39500310E730}.BenchmarkDebug|ARM64.ActiveCfg = BenchmarkDebug|Any CPU
		{36671097-7B92-4F58-9A72-39500310E730}.BenchmarkDebug|ARM64.Build.0 = BenchmarkDebug|Any CPU
		{36671097-7B92-4F58-9A72-39500310E730}.BenchmarkDebug|x64.ActiveCfg = BenchmarkDebug|Any CPU
		{36671097-7B92-4F58-9A72-39500310E730}.BenchmarkDebug|x64.Build.0 = BenchmarkDebug|Any CPU
		{36671097-7B92-4F58-9A72-39500310E730}.BenchmarkDebug|x86.ActiveCfg = BenchmarkDebug|Any CPU
		{36671097-7B92-4F58-9A72-39500310E730}.BenchmarkDebug|x86.Build.0 = BenchmarkDebug|Any CPU
		{36671097-7B92-4F58-9A72-39500310E730}.Debug|Any CPU.ActiveCfg = Debug|Any CPU
		{36671097-7B92-4F58-9A72-39500310E730}.Debug|Any CPU.Build.0 = Debug|Any CPU
		{36671097-7B92-4F58-9A72-39500310E730}.Debug|ARM.ActiveCfg = Debug|Any CPU
		{36671097-7B92-4F58-9A72-39500310E730}.Debug|ARM.Build.0 = Debug|Any CPU
		{36671097-7B92-4F58-9A72-39500310E730}.Debug|ARM64.ActiveCfg = Debug|Any CPU
		{36671097-7B92-4F58-9A72-39500310E730}.Debug|ARM64.Build.0 = Debug|Any CPU
		{36671097-7B92-4F58-9A72-39500310E730}.Debug|x64.ActiveCfg = Debug|Any CPU
		{36671097-7B92-4F58-9A72-39500310E730}.Debug|x64.Build.0 = Debug|Any CPU
		{36671097-7B92-4F58-9A72-39500310E730}.Debug|x86.ActiveCfg = Debug|Any CPU
		{36671097-7B92-4F58-9A72-39500310E730}.Debug|x86.Build.0 = Debug|Any CPU
		{36671097-7B92-4F58-9A72-39500310E730}.Release|Any CPU.ActiveCfg = Release|Any CPU
		{36671097-7B92-4F58-9A72-39500310E730}.Release|Any CPU.Build.0 = Release|Any CPU
		{36671097-7B92-4F58-9A72-39500310E730}.Release|ARM.ActiveCfg = Release|Any CPU
		{36671097-7B92-4F58-9A72-39500310E730}.Release|ARM.Build.0 = Release|Any CPU
		{36671097-7B92-4F58-9A72-39500310E730}.Release|ARM64.ActiveCfg = Release|Any CPU
		{36671097-7B92-4F58-9A72-39500310E730}.Release|ARM64.Build.0 = Release|Any CPU
		{36671097-7B92-4F58-9A72-39500310E730}.Release|x64.ActiveCfg = Release|Any CPU
		{36671097-7B92-4F58-9A72-39500310E730}.Release|x64.Build.0 = Release|Any CPU
		{36671097-7B92-4F58-9A72-39500310E730}.Release|x86.ActiveCfg = Release|Any CPU
		{36671097-7B92-4F58-9A72-39500310E730}.Release|x86.Build.0 = Release|Any CPU
		{2F90FD56-63CC-4ADC-AAF0-83C6826F9389}.BenchmarkDebug|Any CPU.ActiveCfg = BenchmarkDebug|Any CPU
		{2F90FD56-63CC-4ADC-AAF0-83C6826F9389}.BenchmarkDebug|Any CPU.Build.0 = BenchmarkDebug|Any CPU
		{2F90FD56-63CC-4ADC-AAF0-83C6826F9389}.BenchmarkDebug|ARM.ActiveCfg = BenchmarkDebug|Any CPU
		{2F90FD56-63CC-4ADC-AAF0-83C6826F9389}.BenchmarkDebug|ARM.Build.0 = BenchmarkDebug|Any CPU
		{2F90FD56-63CC-4ADC-AAF0-83C6826F9389}.BenchmarkDebug|ARM64.ActiveCfg = BenchmarkDebug|Any CPU
		{2F90FD56-63CC-4ADC-AAF0-83C6826F9389}.BenchmarkDebug|ARM64.Build.0 = BenchmarkDebug|Any CPU
		{2F90FD56-63CC-4ADC-AAF0-83C6826F9389}.BenchmarkDebug|x64.ActiveCfg = BenchmarkDebug|Any CPU
		{2F90FD56-63CC-4ADC-AAF0-83C6826F9389}.BenchmarkDebug|x64.Build.0 = BenchmarkDebug|Any CPU
		{2F90FD56-63CC-4ADC-AAF0-83C6826F9389}.BenchmarkDebug|x86.ActiveCfg = BenchmarkDebug|Any CPU
		{2F90FD56-63CC-4ADC-AAF0-83C6826F9389}.BenchmarkDebug|x86.Build.0 = BenchmarkDebug|Any CPU
		{2F90FD56-63CC-4ADC-AAF0-83C6826F9389}.Debug|Any CPU.ActiveCfg = Debug|Any CPU
		{2F90FD56-63CC-4ADC-AAF0-83C6826F9389}.Debug|Any CPU.Build.0 = Debug|Any CPU
		{2F90FD56-63CC-4ADC-AAF0-83C6826F9389}.Debug|ARM.ActiveCfg = Debug|Any CPU
		{2F90FD56-63CC-4ADC-AAF0-83C6826F9389}.Debug|ARM.Build.0 = Debug|Any CPU
		{2F90FD56-63CC-4ADC-AAF0-83C6826F9389}.Debug|ARM64.ActiveCfg = Debug|Any CPU
		{2F90FD56-63CC-4ADC-AAF0-83C6826F9389}.Debug|ARM64.Build.0 = Debug|Any CPU
		{2F90FD56-63CC-4ADC-AAF0-83C6826F9389}.Debug|x64.ActiveCfg = Debug|Any CPU
		{2F90FD56-63CC-4ADC-AAF0-83C6826F9389}.Debug|x64.Build.0 = Debug|Any CPU
		{2F90FD56-63CC-4ADC-AAF0-83C6826F9389}.Debug|x86.ActiveCfg = Debug|Any CPU
		{2F90FD56-63CC-4ADC-AAF0-83C6826F9389}.Debug|x86.Build.0 = Debug|Any CPU
		{2F90FD56-63CC-4ADC-AAF0-83C6826F9389}.Release|Any CPU.ActiveCfg = Release|Any CPU
		{2F90FD56-63CC-4ADC-AAF0-83C6826F9389}.Release|Any CPU.Build.0 = Release|Any CPU
		{2F90FD56-63CC-4ADC-AAF0-83C6826F9389}.Release|ARM.ActiveCfg = Release|Any CPU
		{2F90FD56-63CC-4ADC-AAF0-83C6826F9389}.Release|ARM.Build.0 = Release|Any CPU
		{2F90FD56-63CC-4ADC-AAF0-83C6826F9389}.Release|ARM64.ActiveCfg = Release|Any CPU
		{2F90FD56-63CC-4ADC-AAF0-83C6826F9389}.Release|ARM64.Build.0 = Release|Any CPU
		{2F90FD56-63CC-4ADC-AAF0-83C6826F9389}.Release|x64.ActiveCfg = Release|Any CPU
		{2F90FD56-63CC-4ADC-AAF0-83C6826F9389}.Release|x64.Build.0 = Release|Any CPU
		{2F90FD56-63CC-4ADC-AAF0-83C6826F9389}.Release|x86.ActiveCfg = Release|Any CPU
		{2F90FD56-63CC-4ADC-AAF0-83C6826F9389}.Release|x86.Build.0 = Release|Any CPU
		{51CD8396-99D0-46F7-B22B-C66CBEC89EA8}.BenchmarkDebug|Any CPU.ActiveCfg = BenchmarkDebug|Any CPU
		{51CD8396-99D0-46F7-B22B-C66CBEC89EA8}.BenchmarkDebug|Any CPU.Build.0 = BenchmarkDebug|Any CPU
		{51CD8396-99D0-46F7-B22B-C66CBEC89EA8}.BenchmarkDebug|ARM.ActiveCfg = BenchmarkDebug|Any CPU
		{51CD8396-99D0-46F7-B22B-C66CBEC89EA8}.BenchmarkDebug|ARM.Build.0 = BenchmarkDebug|Any CPU
		{51CD8396-99D0-46F7-B22B-C66CBEC89EA8}.BenchmarkDebug|ARM64.ActiveCfg = BenchmarkDebug|Any CPU
		{51CD8396-99D0-46F7-B22B-C66CBEC89EA8}.BenchmarkDebug|ARM64.Build.0 = BenchmarkDebug|Any CPU
		{51CD8396-99D0-46F7-B22B-C66CBEC89EA8}.BenchmarkDebug|x64.ActiveCfg = BenchmarkDebug|Any CPU
		{51CD8396-99D0-46F7-B22B-C66CBEC89EA8}.BenchmarkDebug|x64.Build.0 = BenchmarkDebug|Any CPU
		{51CD8396-99D0-46F7-B22B-C66CBEC89EA8}.BenchmarkDebug|x86.ActiveCfg = BenchmarkDebug|Any CPU
		{51CD8396-99D0-46F7-B22B-C66CBEC89EA8}.BenchmarkDebug|x86.Build.0 = BenchmarkDebug|Any CPU
		{51CD8396-99D0-46F7-B22B-C66CBEC89EA8}.Debug|Any CPU.ActiveCfg = Debug|Any CPU
		{51CD8396-99D0-46F7-B22B-C66CBEC89EA8}.Debug|Any CPU.Build.0 = Debug|Any CPU
		{51CD8396-99D0-46F7-B22B-C66CBEC89EA8}.Debug|ARM.ActiveCfg = Debug|Any CPU
		{51CD8396-99D0-46F7-B22B-C66CBEC89EA8}.Debug|ARM.Build.0 = Debug|Any CPU
		{51CD8396-99D0-46F7-B22B-C66CBEC89EA8}.Debug|ARM64.ActiveCfg = Debug|Any CPU
		{51CD8396-99D0-46F7-B22B-C66CBEC89EA8}.Debug|ARM64.Build.0 = Debug|Any CPU
		{51CD8396-99D0-46F7-B22B-C66CBEC89EA8}.Debug|x64.ActiveCfg = Debug|Any CPU
		{51CD8396-99D0-46F7-B22B-C66CBEC89EA8}.Debug|x64.Build.0 = Debug|Any CPU
		{51CD8396-99D0-46F7-B22B-C66CBEC89EA8}.Debug|x86.ActiveCfg = Debug|Any CPU
		{51CD8396-99D0-46F7-B22B-C66CBEC89EA8}.Debug|x86.Build.0 = Debug|Any CPU
		{51CD8396-99D0-46F7-B22B-C66CBEC89EA8}.Release|Any CPU.ActiveCfg = Release|Any CPU
		{51CD8396-99D0-46F7-B22B-C66CBEC89EA8}.Release|Any CPU.Build.0 = Release|Any CPU
		{51CD8396-99D0-46F7-B22B-C66CBEC89EA8}.Release|ARM.ActiveCfg = Release|Any CPU
		{51CD8396-99D0-46F7-B22B-C66CBEC89EA8}.Release|ARM.Build.0 = Release|Any CPU
		{51CD8396-99D0-46F7-B22B-C66CBEC89EA8}.Release|ARM64.ActiveCfg = Release|Any CPU
		{51CD8396-99D0-46F7-B22B-C66CBEC89EA8}.Release|ARM64.Build.0 = Release|Any CPU
		{51CD8396-99D0-46F7-B22B-C66CBEC89EA8}.Release|x64.ActiveCfg = Release|Any CPU
		{51CD8396-99D0-46F7-B22B-C66CBEC89EA8}.Release|x64.Build.0 = Release|Any CPU
		{51CD8396-99D0-46F7-B22B-C66CBEC89EA8}.Release|x86.ActiveCfg = Release|Any CPU
		{51CD8396-99D0-46F7-B22B-C66CBEC89EA8}.Release|x86.Build.0 = Release|Any CPU
		{0AB06C13-CA5A-4E96-A208-08A968322E4F}.BenchmarkDebug|Any CPU.ActiveCfg = BenchmarkDebug|x86
		{0AB06C13-CA5A-4E96-A208-08A968322E4F}.BenchmarkDebug|ARM.ActiveCfg = BenchmarkDebug|ARM
		{0AB06C13-CA5A-4E96-A208-08A968322E4F}.BenchmarkDebug|ARM.Build.0 = BenchmarkDebug|ARM
		{0AB06C13-CA5A-4E96-A208-08A968322E4F}.BenchmarkDebug|ARM.Deploy.0 = BenchmarkDebug|ARM
		{0AB06C13-CA5A-4E96-A208-08A968322E4F}.BenchmarkDebug|ARM64.ActiveCfg = BenchmarkDebug|ARM64
		{0AB06C13-CA5A-4E96-A208-08A968322E4F}.BenchmarkDebug|ARM64.Build.0 = BenchmarkDebug|ARM64
		{0AB06C13-CA5A-4E96-A208-08A968322E4F}.BenchmarkDebug|ARM64.Deploy.0 = BenchmarkDebug|ARM64
		{0AB06C13-CA5A-4E96-A208-08A968322E4F}.BenchmarkDebug|x64.ActiveCfg = BenchmarkDebug|x64
		{0AB06C13-CA5A-4E96-A208-08A968322E4F}.BenchmarkDebug|x64.Build.0 = BenchmarkDebug|x64
		{0AB06C13-CA5A-4E96-A208-08A968322E4F}.BenchmarkDebug|x64.Deploy.0 = BenchmarkDebug|x64
		{0AB06C13-CA5A-4E96-A208-08A968322E4F}.BenchmarkDebug|x86.ActiveCfg = BenchmarkDebug|x86
		{0AB06C13-CA5A-4E96-A208-08A968322E4F}.BenchmarkDebug|x86.Build.0 = BenchmarkDebug|x86
		{0AB06C13-CA5A-4E96-A208-08A968322E4F}.BenchmarkDebug|x86.Deploy.0 = BenchmarkDebug|x86
		{0AB06C13-CA5A-4E96-A208-08A968322E4F}.Debug|Any CPU.ActiveCfg = Debug|x64
		{0AB06C13-CA5A-4E96-A208-08A968322E4F}.Debug|Any CPU.Build.0 = Debug|x64
		{0AB06C13-CA5A-4E96-A208-08A968322E4F}.Debug|ARM.ActiveCfg = Debug|ARM
		{0AB06C13-CA5A-4E96-A208-08A968322E4F}.Debug|ARM.Build.0 = Debug|ARM
		{0AB06C13-CA5A-4E96-A208-08A968322E4F}.Debug|ARM.Deploy.0 = Debug|ARM
		{0AB06C13-CA5A-4E96-A208-08A968322E4F}.Debug|ARM64.ActiveCfg = Debug|ARM64
		{0AB06C13-CA5A-4E96-A208-08A968322E4F}.Debug|ARM64.Build.0 = Debug|ARM64
		{0AB06C13-CA5A-4E96-A208-08A968322E4F}.Debug|ARM64.Deploy.0 = Debug|ARM64
		{0AB06C13-CA5A-4E96-A208-08A968322E4F}.Debug|x64.ActiveCfg = Debug|x64
		{0AB06C13-CA5A-4E96-A208-08A968322E4F}.Debug|x64.Build.0 = Debug|x64
		{0AB06C13-CA5A-4E96-A208-08A968322E4F}.Debug|x64.Deploy.0 = Debug|x64
		{0AB06C13-CA5A-4E96-A208-08A968322E4F}.Debug|x86.ActiveCfg = Debug|x86
		{0AB06C13-CA5A-4E96-A208-08A968322E4F}.Debug|x86.Build.0 = Debug|x86
		{0AB06C13-CA5A-4E96-A208-08A968322E4F}.Debug|x86.Deploy.0 = Debug|x86
		{0AB06C13-CA5A-4E96-A208-08A968322E4F}.Release|Any CPU.ActiveCfg = Release|x86
		{0AB06C13-CA5A-4E96-A208-08A968322E4F}.Release|ARM.ActiveCfg = Release|ARM
		{0AB06C13-CA5A-4E96-A208-08A968322E4F}.Release|ARM.Build.0 = Release|ARM
		{0AB06C13-CA5A-4E96-A208-08A968322E4F}.Release|ARM.Deploy.0 = Release|ARM
		{0AB06C13-CA5A-4E96-A208-08A968322E4F}.Release|ARM64.ActiveCfg = Release|ARM64
		{0AB06C13-CA5A-4E96-A208-08A968322E4F}.Release|ARM64.Build.0 = Release|ARM64
		{0AB06C13-CA5A-4E96-A208-08A968322E4F}.Release|ARM64.Deploy.0 = Release|ARM64
		{0AB06C13-CA5A-4E96-A208-08A968322E4F}.Release|x64.ActiveCfg = Release|x64
		{0AB06C13-CA5A-4E96-A208-08A968322E4F}.Release|x64.Build.0 = Release|x64
		{0AB06C13-CA5A-4E96-A208-08A968322E4F}.Release|x64.Deploy.0 = Release|x64
		{0AB06C13-CA5A-4E96-A208-08A968322E4F}.Release|x86.ActiveCfg = Release|x86
		{0AB06C13-CA5A-4E96-A208-08A968322E4F}.Release|x86.Build.0 = Release|x86
		{0AB06C13-CA5A-4E96-A208-08A968322E4F}.Release|x86.Deploy.0 = Release|x86
		{884531D0-79F8-4B99-93A8-CF690CE28025}.BenchmarkDebug|Any CPU.ActiveCfg = BenchmarkDebug|Any CPU
		{884531D0-79F8-4B99-93A8-CF690CE28025}.BenchmarkDebug|Any CPU.Build.0 = BenchmarkDebug|Any CPU
		{884531D0-79F8-4B99-93A8-CF690CE28025}.BenchmarkDebug|ARM.ActiveCfg = BenchmarkDebug|Any CPU
		{884531D0-79F8-4B99-93A8-CF690CE28025}.BenchmarkDebug|ARM.Build.0 = BenchmarkDebug|Any CPU
		{884531D0-79F8-4B99-93A8-CF690CE28025}.BenchmarkDebug|ARM64.ActiveCfg = BenchmarkDebug|Any CPU
		{884531D0-79F8-4B99-93A8-CF690CE28025}.BenchmarkDebug|ARM64.Build.0 = BenchmarkDebug|Any CPU
		{884531D0-79F8-4B99-93A8-CF690CE28025}.BenchmarkDebug|x64.ActiveCfg = BenchmarkDebug|Any CPU
		{884531D0-79F8-4B99-93A8-CF690CE28025}.BenchmarkDebug|x64.Build.0 = BenchmarkDebug|Any CPU
		{884531D0-79F8-4B99-93A8-CF690CE28025}.BenchmarkDebug|x86.ActiveCfg = BenchmarkDebug|Any CPU
		{884531D0-79F8-4B99-93A8-CF690CE28025}.BenchmarkDebug|x86.Build.0 = BenchmarkDebug|Any CPU
		{884531D0-79F8-4B99-93A8-CF690CE28025}.Debug|Any CPU.ActiveCfg = Debug|Any CPU
		{884531D0-79F8-4B99-93A8-CF690CE28025}.Debug|Any CPU.Build.0 = Debug|Any CPU
		{884531D0-79F8-4B99-93A8-CF690CE28025}.Debug|ARM.ActiveCfg = Debug|Any CPU
		{884531D0-79F8-4B99-93A8-CF690CE28025}.Debug|ARM.Build.0 = Debug|Any CPU
		{884531D0-79F8-4B99-93A8-CF690CE28025}.Debug|ARM64.ActiveCfg = Debug|Any CPU
		{884531D0-79F8-4B99-93A8-CF690CE28025}.Debug|ARM64.Build.0 = Debug|Any CPU
		{884531D0-79F8-4B99-93A8-CF690CE28025}.Debug|x64.ActiveCfg = Debug|Any CPU
		{884531D0-79F8-4B99-93A8-CF690CE28025}.Debug|x64.Build.0 = Debug|Any CPU
		{884531D0-79F8-4B99-93A8-CF690CE28025}.Debug|x86.ActiveCfg = Debug|Any CPU
		{884531D0-79F8-4B99-93A8-CF690CE28025}.Debug|x86.Build.0 = Debug|Any CPU
		{884531D0-79F8-4B99-93A8-CF690CE28025}.Release|Any CPU.ActiveCfg = Release|Any CPU
		{884531D0-79F8-4B99-93A8-CF690CE28025}.Release|Any CPU.Build.0 = Release|Any CPU
		{884531D0-79F8-4B99-93A8-CF690CE28025}.Release|ARM.ActiveCfg = Release|Any CPU
		{884531D0-79F8-4B99-93A8-CF690CE28025}.Release|ARM.Build.0 = Release|Any CPU
		{884531D0-79F8-4B99-93A8-CF690CE28025}.Release|ARM64.ActiveCfg = Release|Any CPU
		{884531D0-79F8-4B99-93A8-CF690CE28025}.Release|ARM64.Build.0 = Release|Any CPU
		{884531D0-79F8-4B99-93A8-CF690CE28025}.Release|x64.ActiveCfg = Release|Any CPU
		{884531D0-79F8-4B99-93A8-CF690CE28025}.Release|x64.Build.0 = Release|Any CPU
		{884531D0-79F8-4B99-93A8-CF690CE28025}.Release|x86.ActiveCfg = Release|Any CPU
		{884531D0-79F8-4B99-93A8-CF690CE28025}.Release|x86.Build.0 = Release|Any CPU
		{8BA29BFD-F14A-4FEF-B858-DBEC0A9A1EE4}.BenchmarkDebug|Any CPU.ActiveCfg = Release|Any CPU
		{8BA29BFD-F14A-4FEF-B858-DBEC0A9A1EE4}.BenchmarkDebug|Any CPU.Build.0 = Release|Any CPU
		{8BA29BFD-F14A-4FEF-B858-DBEC0A9A1EE4}.BenchmarkDebug|ARM.ActiveCfg = BenchmarkDebug|Any CPU
		{8BA29BFD-F14A-4FEF-B858-DBEC0A9A1EE4}.BenchmarkDebug|ARM.Build.0 = BenchmarkDebug|Any CPU
		{8BA29BFD-F14A-4FEF-B858-DBEC0A9A1EE4}.BenchmarkDebug|ARM64.ActiveCfg = BenchmarkDebug|Any CPU
		{8BA29BFD-F14A-4FEF-B858-DBEC0A9A1EE4}.BenchmarkDebug|ARM64.Build.0 = BenchmarkDebug|Any CPU
		{8BA29BFD-F14A-4FEF-B858-DBEC0A9A1EE4}.BenchmarkDebug|x64.ActiveCfg = BenchmarkDebug|Any CPU
		{8BA29BFD-F14A-4FEF-B858-DBEC0A9A1EE4}.BenchmarkDebug|x64.Build.0 = BenchmarkDebug|Any CPU
		{8BA29BFD-F14A-4FEF-B858-DBEC0A9A1EE4}.BenchmarkDebug|x86.ActiveCfg = BenchmarkDebug|Any CPU
		{8BA29BFD-F14A-4FEF-B858-DBEC0A9A1EE4}.BenchmarkDebug|x86.Build.0 = BenchmarkDebug|Any CPU
		{8BA29BFD-F14A-4FEF-B858-DBEC0A9A1EE4}.Debug|Any CPU.ActiveCfg = Debug|Any CPU
		{8BA29BFD-F14A-4FEF-B858-DBEC0A9A1EE4}.Debug|Any CPU.Build.0 = Debug|Any CPU
		{8BA29BFD-F14A-4FEF-B858-DBEC0A9A1EE4}.Debug|ARM.ActiveCfg = Debug|Any CPU
		{8BA29BFD-F14A-4FEF-B858-DBEC0A9A1EE4}.Debug|ARM.Build.0 = Debug|Any CPU
		{8BA29BFD-F14A-4FEF-B858-DBEC0A9A1EE4}.Debug|ARM64.ActiveCfg = Debug|Any CPU
		{8BA29BFD-F14A-4FEF-B858-DBEC0A9A1EE4}.Debug|ARM64.Build.0 = Debug|Any CPU
		{8BA29BFD-F14A-4FEF-B858-DBEC0A9A1EE4}.Debug|x64.ActiveCfg = Debug|Any CPU
		{8BA29BFD-F14A-4FEF-B858-DBEC0A9A1EE4}.Debug|x64.Build.0 = Debug|Any CPU
		{8BA29BFD-F14A-4FEF-B858-DBEC0A9A1EE4}.Debug|x86.ActiveCfg = Debug|Any CPU
		{8BA29BFD-F14A-4FEF-B858-DBEC0A9A1EE4}.Debug|x86.Build.0 = Debug|Any CPU
		{8BA29BFD-F14A-4FEF-B858-DBEC0A9A1EE4}.Release|Any CPU.ActiveCfg = Release|Any CPU
		{8BA29BFD-F14A-4FEF-B858-DBEC0A9A1EE4}.Release|Any CPU.Build.0 = Release|Any CPU
		{8BA29BFD-F14A-4FEF-B858-DBEC0A9A1EE4}.Release|ARM.ActiveCfg = Release|Any CPU
		{8BA29BFD-F14A-4FEF-B858-DBEC0A9A1EE4}.Release|ARM.Build.0 = Release|Any CPU
		{8BA29BFD-F14A-4FEF-B858-DBEC0A9A1EE4}.Release|ARM64.ActiveCfg = Release|Any CPU
		{8BA29BFD-F14A-4FEF-B858-DBEC0A9A1EE4}.Release|ARM64.Build.0 = Release|Any CPU
		{8BA29BFD-F14A-4FEF-B858-DBEC0A9A1EE4}.Release|x64.ActiveCfg = Release|Any CPU
		{8BA29BFD-F14A-4FEF-B858-DBEC0A9A1EE4}.Release|x64.Build.0 = Release|Any CPU
		{8BA29BFD-F14A-4FEF-B858-DBEC0A9A1EE4}.Release|x86.ActiveCfg = Release|Any CPU
		{8BA29BFD-F14A-4FEF-B858-DBEC0A9A1EE4}.Release|x86.Build.0 = Release|Any CPU
		{0C436269-5A41-4B39-9957-05467B622FCC}.BenchmarkDebug|Any CPU.ActiveCfg = Debug|Any CPU
		{0C436269-5A41-4B39-9957-05467B622FCC}.BenchmarkDebug|Any CPU.Build.0 = Debug|Any CPU
		{0C436269-5A41-4B39-9957-05467B622FCC}.BenchmarkDebug|ARM.ActiveCfg = Debug|Any CPU
		{0C436269-5A41-4B39-9957-05467B622FCC}.BenchmarkDebug|ARM.Build.0 = Debug|Any CPU
		{0C436269-5A41-4B39-9957-05467B622FCC}.BenchmarkDebug|ARM64.ActiveCfg = Debug|Any CPU
		{0C436269-5A41-4B39-9957-05467B622FCC}.BenchmarkDebug|ARM64.Build.0 = Debug|Any CPU
		{0C436269-5A41-4B39-9957-05467B622FCC}.BenchmarkDebug|x64.ActiveCfg = Debug|Any CPU
		{0C436269-5A41-4B39-9957-05467B622FCC}.BenchmarkDebug|x64.Build.0 = Debug|Any CPU
		{0C436269-5A41-4B39-9957-05467B622FCC}.BenchmarkDebug|x86.ActiveCfg = Debug|Any CPU
		{0C436269-5A41-4B39-9957-05467B622FCC}.BenchmarkDebug|x86.Build.0 = Debug|Any CPU
		{0C436269-5A41-4B39-9957-05467B622FCC}.Debug|Any CPU.ActiveCfg = Debug|Any CPU
		{0C436269-5A41-4B39-9957-05467B622FCC}.Debug|Any CPU.Build.0 = Debug|Any CPU
		{0C436269-5A41-4B39-9957-05467B622FCC}.Debug|ARM.ActiveCfg = Debug|Any CPU
		{0C436269-5A41-4B39-9957-05467B622FCC}.Debug|ARM.Build.0 = Debug|Any CPU
		{0C436269-5A41-4B39-9957-05467B622FCC}.Debug|ARM64.ActiveCfg = Debug|Any CPU
		{0C436269-5A41-4B39-9957-05467B622FCC}.Debug|ARM64.Build.0 = Debug|Any CPU
		{0C436269-5A41-4B39-9957-05467B622FCC}.Debug|x64.ActiveCfg = Debug|Any CPU
		{0C436269-5A41-4B39-9957-05467B622FCC}.Debug|x64.Build.0 = Debug|Any CPU
		{0C436269-5A41-4B39-9957-05467B622FCC}.Debug|x86.ActiveCfg = Debug|Any CPU
		{0C436269-5A41-4B39-9957-05467B622FCC}.Debug|x86.Build.0 = Debug|Any CPU
		{0C436269-5A41-4B39-9957-05467B622FCC}.Release|Any CPU.ActiveCfg = Release|Any CPU
		{0C436269-5A41-4B39-9957-05467B622FCC}.Release|Any CPU.Build.0 = Release|Any CPU
		{0C436269-5A41-4B39-9957-05467B622FCC}.Release|ARM.ActiveCfg = Release|Any CPU
		{0C436269-5A41-4B39-9957-05467B622FCC}.Release|ARM.Build.0 = Release|Any CPU
		{0C436269-5A41-4B39-9957-05467B622FCC}.Release|ARM64.ActiveCfg = Release|Any CPU
		{0C436269-5A41-4B39-9957-05467B622FCC}.Release|ARM64.Build.0 = Release|Any CPU
		{0C436269-5A41-4B39-9957-05467B622FCC}.Release|x64.ActiveCfg = Release|Any CPU
		{0C436269-5A41-4B39-9957-05467B622FCC}.Release|x64.Build.0 = Release|Any CPU
		{0C436269-5A41-4B39-9957-05467B622FCC}.Release|x86.ActiveCfg = Release|Any CPU
		{0C436269-5A41-4B39-9957-05467B622FCC}.Release|x86.Build.0 = Release|Any CPU
	EndGlobalSection
	GlobalSection(SolutionProperties) = preSolution
		HideSolutionNode = FALSE
	EndGlobalSection
	GlobalSection(NestedProjects) = preSolution
		{2A8923AB-CE2E-490D-ACFB-B1FD675FBD73} = {5EE659DA-99AE-4B1A-B877-5E1429C77AFF}
		{36671097-7B92-4F58-9A72-39500310E730} = {5EE659DA-99AE-4B1A-B877-5E1429C77AFF}
		{2F90FD56-63CC-4ADC-AAF0-83C6826F9389} = {5EE659DA-99AE-4B1A-B877-5E1429C77AFF}
		{51CD8396-99D0-46F7-B22B-C66CBEC89EA8} = {D271F6FB-5E82-4EBD-AFB0-07A1A16F1955}
		{0AB06C13-CA5A-4E96-A208-08A968322E4F} = {D271F6FB-5E82-4EBD-AFB0-07A1A16F1955}
		{884531D0-79F8-4B99-93A8-CF690CE28025} = {D271F6FB-5E82-4EBD-AFB0-07A1A16F1955}
		{8BA29BFD-F14A-4FEF-B858-DBEC0A9A1EE4} = {D271F6FB-5E82-4EBD-AFB0-07A1A16F1955}
		{0C436269-5A41-4B39-9957-05467B622FCC} = {5EE659DA-99AE-4B1A-B877-5E1429C77AFF}
	EndGlobalSection
	GlobalSection(ExtensibilityGlobals) = postSolution
		SolutionGuid = {8FFC9E15-E00B-4B5E-ADC2-A55871E0CF09}
	EndGlobalSection
EndGlobal
